// !$*UTF8*$!
{
	archiveVersion = 1;
	classes = {
	};
	objectVersion = 51;
	objects = {

/* Begin PBXBuildFile section */
		A41D517626FB9F2E005EB2E3 /* AppDelegate.swift in Sources */ = {isa = PBXBuildFile; fileRef = A41D517526FB9F2E005EB2E3 /* AppDelegate.swift */; };
		A41D517826FB9F2E005EB2E3 /* SceneDelegate.swift in Sources */ = {isa = PBXBuildFile; fileRef = A41D517726FB9F2E005EB2E3 /* SceneDelegate.swift */; };
		A41D517A26FB9F2E005EB2E3 /* ViewController.swift in Sources */ = {isa = PBXBuildFile; fileRef = A41D517926FB9F2E005EB2E3 /* ViewController.swift */; };
		A41D517D26FB9F2E005EB2E3 /* Main.storyboard in Resources */ = {isa = PBXBuildFile; fileRef = A41D517B26FB9F2E005EB2E3 /* Main.storyboard */; };
		A41D517F26FB9F37005EB2E3 /* Assets.xcassets in Resources */ = {isa = PBXBuildFile; fileRef = A41D517E26FB9F37005EB2E3 /* Assets.xcassets */; };
		A41D518226FB9F37005EB2E3 /* LaunchScreen.storyboard in Resources */ = {isa = PBXBuildFile; fileRef = A41D518026FB9F37005EB2E3 /* LaunchScreen.storyboard */; };
		A4A6D27827032B9C00E76742 /* ResultsViewController.swift in Sources */ = {isa = PBXBuildFile; fileRef = A4A6D27727032B9C00E76742 /* ResultsViewController.swift */; };
		A4A6D27A2703B79400E76742 /* PrettyJSON.swift in Sources */ = {isa = PBXBuildFile; fileRef = A4A6D2792703B79400E76742 /* PrettyJSON.swift */; };
		A4A6D27C2703CBAB00E76742 /* AnimateUIButton.swift in Sources */ = {isa = PBXBuildFile; fileRef = A4A6D27B2703CBAB00E76742 /* AnimateUIButton.swift */; };
		CF873633E23E312164C4E2A7 /* Pods_EasyRequest.framework in Frameworks */ = {isa = PBXBuildFile; fileRef = A553421CE7EB4C5D7A88A0AF /* Pods_EasyRequest.framework */; };
/* End PBXBuildFile section */

/* Begin PBXFileReference section */
		849EC8016DA8E9E4BEEF172A /* Pods-EasyRequest.release.xcconfig */ = {isa = PBXFileReference; includeInIndex = 1; lastKnownFileType = text.xcconfig; name = "Pods-EasyRequest.release.xcconfig"; path = "Target Support Files/Pods-EasyRequest/Pods-EasyRequest.release.xcconfig"; sourceTree = "<group>"; };
		A41D517226FB9F2E005EB2E3 /* EasyRequest.app */ = {isa = PBXFileReference; explicitFileType = wrapper.application; includeInIndex = 0; path = EasyRequest.app; sourceTree = BUILT_PRODUCTS_DIR; };
		A41D517526FB9F2E005EB2E3 /* AppDelegate.swift */ = {isa = PBXFileReference; lastKnownFileType = sourcecode.swift; path = AppDelegate.swift; sourceTree = "<group>"; };
		A41D517726FB9F2E005EB2E3 /* SceneDelegate.swift */ = {isa = PBXFileReference; lastKnownFileType = sourcecode.swift; path = SceneDelegate.swift; sourceTree = "<group>"; };
		A41D517926FB9F2E005EB2E3 /* ViewController.swift */ = {isa = PBXFileReference; lastKnownFileType = sourcecode.swift; path = ViewController.swift; sourceTree = "<group>"; };
		A41D517C26FB9F2E005EB2E3 /* Base */ = {isa = PBXFileReference; lastKnownFileType = file.storyboard; name = Base; path = Base.lproj/Main.storyboard; sourceTree = "<group>"; };
		A41D517E26FB9F37005EB2E3 /* Assets.xcassets */ = {isa = PBXFileReference; lastKnownFileType = folder.assetcatalog; path = Assets.xcassets; sourceTree = "<group>"; };
		A41D518126FB9F37005EB2E3 /* Base */ = {isa = PBXFileReference; lastKnownFileType = file.storyboard; name = Base; path = Base.lproj/LaunchScreen.storyboard; sourceTree = "<group>"; };
		A41D518326FB9F37005EB2E3 /* Info.plist */ = {isa = PBXFileReference; lastKnownFileType = text.plist.xml; path = Info.plist; sourceTree = "<group>"; };
		A4A6D27727032B9C00E76742 /* ResultsViewController.swift */ = {isa = PBXFileReference; lastKnownFileType = sourcecode.swift; path = ResultsViewController.swift; sourceTree = "<group>"; };
		A4A6D2792703B79400E76742 /* PrettyJSON.swift */ = {isa = PBXFileReference; lastKnownFileType = sourcecode.swift; path = PrettyJSON.swift; sourceTree = "<group>"; };
		A4A6D27B2703CBAB00E76742 /* AnimateUIButton.swift */ = {isa = PBXFileReference; lastKnownFileType = sourcecode.swift; path = AnimateUIButton.swift; sourceTree = "<group>"; };
		A553421CE7EB4C5D7A88A0AF /* Pods_EasyRequest.framework */ = {isa = PBXFileReference; explicitFileType = wrapper.framework; includeInIndex = 0; path = Pods_EasyRequest.framework; sourceTree = BUILT_PRODUCTS_DIR; };
		AF5B4A081DE2429C1EC85FFB /* Pods-EasyRequest.debug.xcconfig */ = {isa = PBXFileReference; includeInIndex = 1; lastKnownFileType = text.xcconfig; name = "Pods-EasyRequest.debug.xcconfig"; path = "Target Support Files/Pods-EasyRequest/Pods-EasyRequest.debug.xcconfig"; sourceTree = "<group>"; };
/* End PBXFileReference section */

/* Begin PBXFrameworksBuildPhase section */
		A41D516F26FB9F2D005EB2E3 /* Frameworks */ = {
			isa = PBXFrameworksBuildPhase;
			buildActionMask = 2147483647;
			files = (
				CF873633E23E312164C4E2A7 /* Pods_EasyRequest.framework in Frameworks */,
			);
			runOnlyForDeploymentPostprocessing = 0;
		};
/* End PBXFrameworksBuildPhase section */

/* Begin PBXGroup section */
		A41D516926FB9F2D005EB2E3 = {
			isa = PBXGroup;
			children = (
				A41D517426FB9F2E005EB2E3 /* EasyRequest */,
				A41D517326FB9F2E005EB2E3 /* Products */,
				C4BAD7DCA7C04D40161AE09F /* Pods */,
				E675FEF11BC0063757CAE874 /* Frameworks */,
			);
			sourceTree = "<group>";
		};
		A41D517326FB9F2E005EB2E3 /* Products */ = {
			isa = PBXGroup;
			children = (
				A41D517226FB9F2E005EB2E3 /* EasyRequest.app */,
			);
			name = Products;
			sourceTree = "<group>";
		};
		A41D517426FB9F2E005EB2E3 /* EasyRequest */ = {
			isa = PBXGroup;
			children = (
				A4E924F126FE433C004BE118 /* Models */,
				A4E924F026FE4335004BE118 /* Views */,
				A4E924EF26FE432E004BE118 /* Controllers */,
				A41D517526FB9F2E005EB2E3 /* AppDelegate.swift */,
				A41D517726FB9F2E005EB2E3 /* SceneDelegate.swift */,
				A41D517E26FB9F37005EB2E3 /* Assets.xcassets */,
				A41D518326FB9F37005EB2E3 /* Info.plist */,
			);
			path = EasyRequest;
			sourceTree = "<group>";
		};
		A4E924EF26FE432E004BE118 /* Controllers */ = {
			isa = PBXGroup;
			children = (
				A41D517926FB9F2E005EB2E3 /* ViewController.swift */,
				A4A6D27727032B9C00E76742 /* ResultsViewController.swift */,
			);
			path = Controllers;
			sourceTree = "<group>";
		};
		A4E924F026FE4335004BE118 /* Views */ = {
			isa = PBXGroup;
			children = (
				A41D518026FB9F37005EB2E3 /* LaunchScreen.storyboard */,
				A41D517B26FB9F2E005EB2E3 /* Main.storyboard */,
				A4A6D27B2703CBAB00E76742 /* AnimateUIButton.swift */,
			);
			path = Views;
			sourceTree = "<group>";
		};
		A4E924F126FE433C004BE118 /* Models */ = {
			isa = PBXGroup;
			children = (
				A4A6D2792703B79400E76742 /* PrettyJSON.swift */,
			);
			path = Models;
			sourceTree = "<group>";
		};
		C4BAD7DCA7C04D40161AE09F /* Pods */ = {
			isa = PBXGroup;
			children = (
				AF5B4A081DE2429C1EC85FFB /* Pods-EasyRequest.debug.xcconfig */,
				849EC8016DA8E9E4BEEF172A /* Pods-EasyRequest.release.xcconfig */,
			);
			path = Pods;
			sourceTree = "<group>";
		};
		E675FEF11BC0063757CAE874 /* Frameworks */ = {
			isa = PBXGroup;
			children = (
				A553421CE7EB4C5D7A88A0AF /* Pods_EasyRequest.framework */,
			);
			name = Frameworks;
			sourceTree = "<group>";
		};
/* End PBXGroup section */

/* Begin PBXNativeTarget section */
		A41D517126FB9F2D005EB2E3 /* EasyRequest */ = {
			isa = PBXNativeTarget;
			buildConfigurationList = A41D518626FB9F37005EB2E3 /* Build configuration list for PBXNativeTarget "EasyRequest" */;
			buildPhases = (
				F26FF1F9A73DE973B5754271 /* [CP] Check Pods Manifest.lock */,
				A41D516E26FB9F2D005EB2E3 /* Sources */,
				A41D516F26FB9F2D005EB2E3 /* Frameworks */,
				A41D517026FB9F2D005EB2E3 /* Resources */,
				D56218793755A4453F637586 /* [CP] Embed Pods Frameworks */,
			);
			buildRules = (
			);
			dependencies = (
			);
			name = EasyRequest;
			productName = EasyRequest;
			productReference = A41D517226FB9F2E005EB2E3 /* EasyRequest.app */;
			productType = "com.apple.product-type.application";
		};
/* End PBXNativeTarget section */

/* Begin PBXProject section */
		A41D516A26FB9F2D005EB2E3 /* Project object */ = {
			isa = PBXProject;
			attributes = {
				LastSwiftUpdateCheck = 1130;
				LastUpgradeCheck = 1130;
				ORGANIZATIONNAME = "Nidhal Messaoudi";
				TargetAttributes = {
					A41D517126FB9F2D005EB2E3 = {
						CreatedOnToolsVersion = 11.3.1;
					};
				};
			};
			buildConfigurationList = A41D516D26FB9F2D005EB2E3 /* Build configuration list for PBXProject "EasyRequest" */;
			compatibilityVersion = "Xcode 9.3";
			developmentRegion = en;
			hasScannedForEncodings = 0;
			knownRegions = (
				en,
				Base,
			);
			mainGroup = A41D516926FB9F2D005EB2E3;
			productRefGroup = A41D517326FB9F2E005EB2E3 /* Products */;
			projectDirPath = "";
			projectRoot = "";
			targets = (
				A41D517126FB9F2D005EB2E3 /* EasyRequest */,
			);
		};
/* End PBXProject section */

/* Begin PBXResourcesBuildPhase section */
		A41D517026FB9F2D005EB2E3 /* Resources */ = {
			isa = PBXResourcesBuildPhase;
			buildActionMask = 2147483647;
			files = (
				A41D518226FB9F37005EB2E3 /* LaunchScreen.storyboard in Resources */,
				A41D517F26FB9F37005EB2E3 /* Assets.xcassets in Resources */,
				A41D517D26FB9F2E005EB2E3 /* Main.storyboard in Resources */,
			);
			runOnlyForDeploymentPostprocessing = 0;
		};
/* End PBXResourcesBuildPhase section */

/* Begin PBXShellScriptBuildPhase section */
		D56218793755A4453F637586 /* [CP] Embed Pods Frameworks */ = {
			isa = PBXShellScriptBuildPhase;
			buildActionMask = 2147483647;
			files = (
			);
			inputFileListPaths = (
				"${PODS_ROOT}/Target Support Files/Pods-EasyRequest/Pods-EasyRequest-frameworks-${CONFIGURATION}-input-files.xcfilelist",
			);
			name = "[CP] Embed Pods Frameworks";
			outputFileListPaths = (
				"${PODS_ROOT}/Target Support Files/Pods-EasyRequest/Pods-EasyRequest-frameworks-${CONFIGURATION}-output-files.xcfilelist",
			);
			runOnlyForDeploymentPostprocessing = 0;
			shellPath = /bin/sh;
			shellScript = "\"${PODS_ROOT}/Target Support Files/Pods-EasyRequest/Pods-EasyRequest-frameworks.sh\"\n";
			showEnvVarsInLog = 0;
		};
		F26FF1F9A73DE973B5754271 /* [CP] Check Pods Manifest.lock */ = {
			isa = PBXShellScriptBuildPhase;
			buildActionMask = 2147483647;
			files = (
			);
			inputFileListPaths = (
			);
			inputPaths = (
				"${PODS_PODFILE_DIR_PATH}/Podfile.lock",
				"${PODS_ROOT}/Manifest.lock",
			);
			name = "[CP] Check Pods Manifest.lock";
			outputFileListPaths = (
			);
			outputPaths = (
				"$(DERIVED_FILE_DIR)/Pods-EasyRequest-checkManifestLockResult.txt",
			);
			runOnlyForDeploymentPostprocessing = 0;
			shellPath = /bin/sh;
			shellScript = "diff \"${PODS_PODFILE_DIR_PATH}/Podfile.lock\" \"${PODS_ROOT}/Manifest.lock\" > /dev/null\nif [ $? != 0 ] ; then\n    # print error to STDERR\n    echo \"error: The sandbox is not in sync with the Podfile.lock. Run 'pod install' or update your CocoaPods installation.\" >&2\n    exit 1\nfi\n# This output is used by Xcode 'outputs' to avoid re-running this script phase.\necho \"SUCCESS\" > \"${SCRIPT_OUTPUT_FILE_0}\"\n";
			showEnvVarsInLog = 0;
		};
/* End PBXShellScriptBuildPhase section */

/* Begin PBXSourcesBuildPhase section */
		A41D516E26FB9F2D005EB2E3 /* Sources */ = {
			isa = PBXSourcesBuildPhase;
			buildActionMask = 2147483647;
			files = (
				A4A6D27A2703B79400E76742 /* PrettyJSON.swift in Sources */,
				A41D517A26FB9F2E005EB2E3 /* ViewController.swift in Sources */,
				A41D517626FB9F2E005EB2E3 /* AppDelegate.swift in Sources */,
				A41D517826FB9F2E005EB2E3 /* SceneDelegate.swift in Sources */,
				A4A6D27827032B9C00E76742 /* ResultsViewController.swift in Sources */,
				A4A6D27C2703CBAB00E76742 /* AnimateUIButton.swift in Sources */,
			);
			runOnlyForDeploymentPostprocessing = 0;
		};
/* End PBXSourcesBuildPhase section */

/* Begin PBXVariantGroup section */
		A41D517B26FB9F2E005EB2E3 /* Main.storyboard */ = {
			isa = PBXVariantGroup;
			children = (
				A41D517C26FB9F2E005EB2E3 /* Base */,
			);
			name = Main.storyboard;
			sourceTree = "<group>";
		};
		A41D518026FB9F37005EB2E3 /* LaunchScreen.storyboard */ = {
			isa = PBXVariantGroup;
			children = (
				A41D518126FB9F37005EB2E3 /* Base */,
			);
			name = LaunchScreen.storyboard;
			sourceTree = "<group>";
		};
/* End PBXVariantGroup section */

/* Begin XCBuildConfiguration section */
		A41D518426FB9F37005EB2E3 /* Debug */ = {
			isa = XCBuildConfiguration;
			buildSettings = {
				ALWAYS_SEARCH_USER_PATHS = NO;
				CLANG_ANALYZER_NONNULL = YES;
				CLANG_ANALYZER_NUMBER_OBJECT_CONVERSION = YES_AGGRESSIVE;
				CLANG_CXX_LANGUAGE_STANDARD = "gnu++14";
				CLANG_CXX_LIBRARY = "libc++";
				CLANG_ENABLE_MODULES = YES;
				CLANG_ENABLE_OBJC_ARC = YES;
				CLANG_ENABLE_OBJC_WEAK = YES;
				CLANG_WARN_BLOCK_CAPTURE_AUTORELEASING = YES;
				CLANG_WARN_BOOL_CONVERSION = YES;
				CLANG_WARN_COMMA = YES;
				CLANG_WARN_CONSTANT_CONVERSION = YES;
				CLANG_WARN_DEPRECATED_OBJC_IMPLEMENTATIONS = YES;
				CLANG_WARN_DIRECT_OBJC_ISA_USAGE = YES_ERROR;
				CLANG_WARN_DOCUMENTATION_COMMENTS = YES;
				CLANG_WARN_EMPTY_BODY = YES;
				CLANG_WARN_ENUM_CONVERSION = YES;
				CLANG_WARN_INFINITE_RECURSION = YES;
				CLANG_WARN_INT_CONVERSION = YES;
				CLANG_WARN_NON_LITERAL_NULL_CONVERSION = YES;
				CLANG_WARN_OBJC_IMPLICIT_RETAIN_SELF = YES;
				CLANG_WARN_OBJC_LITERAL_CONVERSION = YES;
				CLANG_WARN_OBJC_ROOT_CLASS = YES_ERROR;
				CLANG_WARN_RANGE_LOOP_ANALYSIS = YES;
				CLANG_WARN_STRICT_PROTOTYPES = YES;
				CLANG_WARN_SUSPICIOUS_MOVE = YES;
				CLANG_WARN_UNGUARDED_AVAILABILITY = YES_AGGRESSIVE;
				CLANG_WARN_UNREACHABLE_CODE = YES;
				CLANG_WARN__DUPLICATE_METHOD_MATCH = YES;
				COPY_PHASE_STRIP = NO;
				DEBUG_INFORMATION_FORMAT = dwarf;
				ENABLE_STRICT_OBJC_MSGSEND = YES;
				ENABLE_TESTABILITY = YES;
				GCC_C_LANGUAGE_STANDARD = gnu11;
				GCC_DYNAMIC_NO_PIC = NO;
				GCC_NO_COMMON_BLOCKS = YES;
				GCC_OPTIMIZATION_LEVEL = 0;
				GCC_PREPROCESSOR_DEFINITIONS = (
					"DEBUG=1",
					"$(inherited)",
				);
				GCC_WARN_64_TO_32_BIT_CONVERSION = YES;
				GCC_WARN_ABOUT_RETURN_TYPE = YES_ERROR;
				GCC_WARN_UNDECLARED_SELECTOR = YES;
				GCC_WARN_UNINITIALIZED_AUTOS = YES_AGGRESSIVE;
				GCC_WARN_UNUSED_FUNCTION = YES;
				GCC_WARN_UNUSED_VARIABLE = YES;
				IPHONEOS_DEPLOYMENT_TARGET = 13.2;
				MTL_ENABLE_DEBUG_INFO = INCLUDE_SOURCE;
				MTL_FAST_MATH = YES;
				ONLY_ACTIVE_ARCH = YES;
				SDKROOT = iphoneos;
				SWIFT_ACTIVE_COMPILATION_CONDITIONS = DEBUG;
				SWIFT_OPTIMIZATION_LEVEL = "-Onone";
			};
			name = Debug;
		};
		A41D518526FB9F37005EB2E3 /* Release */ = {
			isa = XCBuildConfiguration;
			buildSettings = {
				ALWAYS_SEARCH_USER_PATHS = NO;
				CLANG_ANALYZER_NONNULL = YES;
				CLANG_ANALYZER_NUMBER_OBJECT_CONVERSION = YES_AGGRESSIVE;
				CLANG_CXX_LANGUAGE_STANDARD = "gnu++14";
				CLANG_CXX_LIBRARY = "libc++";
				CLANG_ENABLE_MODULES = YES;
				CLANG_ENABLE_OBJC_ARC = YES;
				CLANG_ENABLE_OBJC_WEAK = YES;
				CLANG_WARN_BLOCK_CAPTURE_AUTORELEASING = YES;
				CLANG_WARN_BOOL_CONVERSION = YES;
				CLANG_WARN_COMMA = YES;
				CLANG_WARN_CONSTANT_CONVERSION = YES;
				CLANG_WARN_DEPRECATED_OBJC_IMPLEMENTATIONS = YES;
				CLANG_WARN_DIRECT_OBJC_ISA_USAGE = YES_ERROR;
				CLANG_WARN_DOCUMENTATION_COMMENTS = YES;
				CLANG_WARN_EMPTY_BODY = YES;
				CLANG_WARN_ENUM_CONVERSION = YES;
				CLANG_WARN_INFINITE_RECURSION = YES;
				CLANG_WARN_INT_CONVERSION = YES;
				CLANG_WARN_NON_LITERAL_NULL_CONVERSION = YES;
				CLANG_WARN_OBJC_IMPLICIT_RETAIN_SELF = YES;
				CLANG_WARN_OBJC_LITERAL_CONVERSION = YES;
				CLANG_WARN_OBJC_ROOT_CLASS = YES_ERROR;
				CLANG_WARN_RANGE_LOOP_ANALYSIS = YES;
				CLANG_WARN_STRICT_PROTOTYPES = YES;
				CLANG_WARN_SUSPICIOUS_MOVE = YES;
				CLANG_WARN_UNGUARDED_AVAILABILITY = YES_AGGRESSIVE;
				CLANG_WARN_UNREACHABLE_CODE = YES;
				CLANG_WARN__DUPLICATE_METHOD_MATCH = YES;
				COPY_PHASE_STRIP = NO;
				DEBUG_INFORMATION_FORMAT = "dwarf-with-dsym";
				ENABLE_NS_ASSERTIONS = NO;
				ENABLE_STRICT_OBJC_MSGSEND = YES;
				GCC_C_LANGUAGE_STANDARD = gnu11;
				GCC_NO_COMMON_BLOCKS = YES;
				GCC_WARN_64_TO_32_BIT_CONVERSION = YES;
				GCC_WARN_ABOUT_RETURN_TYPE = YES_ERROR;
				GCC_WARN_UNDECLARED_SELECTOR = YES;
				GCC_WARN_UNINITIALIZED_AUTOS = YES_AGGRESSIVE;
				GCC_WARN_UNUSED_FUNCTION = YES;
				GCC_WARN_UNUSED_VARIABLE = YES;
				IPHONEOS_DEPLOYMENT_TARGET = 13.2;
				MTL_ENABLE_DEBUG_INFO = NO;
				MTL_FAST_MATH = YES;
				SDKROOT = iphoneos;
				SWIFT_COMPILATION_MODE = wholemodule;
				SWIFT_OPTIMIZATION_LEVEL = "-O";
				VALIDATE_PRODUCT = YES;
			};
			name = Release;
		};
		A41D518726FB9F37005EB2E3 /* Debug */ = {
			isa = XCBuildConfiguration;
			baseConfigurationReference = AF5B4A081DE2429C1EC85FFB /* Pods-EasyRequest.debug.xcconfig */;
			buildSettings = {
				ASSETCATALOG_COMPILER_APPICON_NAME = AppIcon;
				CODE_SIGN_STYLE = Automatic;
				DEVELOPMENT_TEAM = GD8RKVSARA;
				INFOPLIST_FILE = EasyRequest/Info.plist;
				LD_RUNPATH_SEARCH_PATHS = (
					"$(inherited)",
					"@executable_path/Frameworks",
				);
				PRODUCT_BUNDLE_IDENTIFIER = org.nidhal.EasyRequest;
				PRODUCT_NAME = "$(TARGET_NAME)";
				SWIFT_VERSION = 5.0;
				TARGETED_DEVICE_FAMILY = "1,2";
			};
			name = Debug;
		};
		A41D518826FB9F37005EB2E3 /* Release */ = {
			isa = XCBuildConfiguration;
			baseConfigurationReference = 849EC8016DA8E9E4BEEF172A /* Pods-EasyRequest.release.xcconfig */;
			buildSettings = {
				ASSETCATALOG_COMPILER_APPICON_NAME = AppIcon;
				CODE_SIGN_STYLE = Automatic;
				DEVELOPMENT_TEAM = GD8RKVSARA;
				INFOPLIST_FILE = EasyRequest/Info.plist;
				LD_RUNPATH_SEARCH_PATHS = (
					"$(inherited)",
					"@executable_path/Frameworks",
				);
				PRODUCT_BUNDLE_IDENTIFIER = org.nidhal.EasyRequest;
				PRODUCT_NAME = "$(TARGET_NAME)";
				SWIFT_VERSION = 5.0;
				TARGETED_DEVICE_FAMILY = "1,2";
			};
			name = Release;
		};
/* End XCBuildConfiguration section */

/* Begin XCConfigurationList section */
		A41D516D26FB9F2D005EB2E3 /* Build configuration list for PBXProject "EasyRequest" */ = {
			isa = XCConfigurationList;
			buildConfigurations = (
				A41D518426FB9F37005EB2E3 /* Debug */,
				A41D518526FB9F37005EB2E3 /* Release */,
			);
			defaultConfigurationIsVisible = 0;
			defaultConfigurationName = Release;
		};
		A41D518626FB9F37005EB2E3 /* Build configuration list for PBXNativeTarget "EasyRequest" */ = {
			isa = XCConfigurationList;
			buildConfigurations = (
				A41D518726FB9F37005EB2E3 /* Debug */,
				A41D518826FB9F37005EB2E3 /* Release */,
			);
			defaultConfigurationIsVisible = 0;
			defaultConfigurationName = Release;
		};
/* End XCConfigurationList section */
	};
	rootObject = A41D516A26FB9F2D005EB2E3 /* Project object */;
}
